
Microsoft Visual Studio Solution File, Format Version 12.00
# Visual Studio Version 17
VisualStudioVersion = 17.9.34728.123
MinimumVisualStudioVersion = 10.0.40219.1
Project("{FAE04EC0-301F-11D3-BF4B-00C04F79EFBC}") = "EmployeeManagementSystem", "EmployeeManagementSystem.csproj", "{E3643D3F-1232-4261-8932-432EDEB7F52D}"
EndProject
Global
	GlobalSection(SolutionConfigurationPlatforms) = preSolution
		Debug|Any CPU = Debug|Any CPU
		Release|Any CPU = Release|Any CPU
	EndGlobalSection
	GlobalSection(ProjectConfigurationPlatforms) = postSolution
		{E3643D3F-1232-4261-8932-432EDEB7F52D}.Debug|Any CPU.ActiveCfg = Debug|Any CPU
		{E3643D3F-1232-4261-8932-432EDEB7F52D}.Debug|Any CPU.Build.0 = Debug|Any CPU
		{E3643D3F-1232-4261-8932-432EDEB7F52D}.Release|Any CPU.ActiveCfg = Release|Any CPU
		{E3643D3F-1232-4261-8932-432EDEB7F52D}.Release|Any CPU.Build.0 = Release|Any CPU
	EndGlobalSection
	GlobalSection(SolutionProperties) = preSolution
		HideSolutionNode = FALSE
	EndGlobalSection
	GlobalSection(ExtensibilityGlobals) = postSolution
		SolutionGuid = {B64D1F12-8592-4E26-ABE2-2958C890F066}
	EndGlobalSection
EndGlobal
